
Microsoft Visual Studio Solution File, Format Version 12.00
# Visual Studio 14
VisualStudioVersion = 14.0.25420.1
MinimumVisualStudioVersion = 10.0.40219.1
Project("{FAE04EC0-301F-11D3-BF4B-00C04F79EFBC}") = "Xamarin_Practice.Android", "Xamarin-Practice\Xamarin_Practice.Android\Xamarin_Practice.Android.csproj", "{5F96EECB-4475-46B6-A829-B510A406129E}"
EndProject
Project("{FAE04EC0-301F-11D3-BF4B-00C04F79EFBC}") = "Xamarin_Practice", "Xamarin-Practice\Xamarin_Practice\Xamarin_Practice.csproj", "{EB6AF619-BE74-45C0-8201-733EE0CC7314}"
EndProject
Project("{FAE04EC0-301F-11D3-BF4B-00C04F79EFBC}") = "Xamarin_Practice.iOS", "Xamarin-Practice\Xamarin_Practice.iOS\Xamarin_Practice.iOS.csproj", "{E8063BD4-B94F-47B2-80FE-6D52E0F215B5}"
EndProject
Global
	GlobalSection(SolutionConfigurationPlatforms) = preSolution
		Ad-Hoc|Any CPU = Ad-Hoc|Any CPU
		Ad-Hoc|iPhone = Ad-Hoc|iPhone
		Ad-Hoc|iPhoneSimulator = Ad-Hoc|iPhoneSimulator
		AppStore|Any CPU = AppStore|Any CPU
		AppStore|iPhone = AppStore|iPhone
		AppStore|iPhoneSimulator = AppStore|iPhoneSimulator
		Debug|Any CPU = Debug|Any CPU
		Debug|iPhone = Debug|iPhone
		Debug|iPhoneSimulator = Debug|iPhoneSimulator
		Release|Any CPU = Release|Any CPU
		Release|iPhone = Release|iPhone
		Release|iPhoneSimulator = Release|iPhoneSimulator
	EndGlobalSection
	GlobalSection(ProjectConfigurationPlatforms) = postSolution
		{5F96EECB-4475-46B6-A829-B510A406129E}.Ad-Hoc|Any CPU.ActiveCfg = Release|Any CPU
		{5F96EECB-4475-46B6-A829-B510A406129E}.Ad-Hoc|Any CPU.Build.0 = Release|Any CPU
		{5F96EECB-4475-46B6-A829-B510A406129E}.Ad-Hoc|Any CPU.Deploy.0 = Release|Any CPU
		{5F96EECB-4475-46B6-A829-B510A406129E}.Ad-Hoc|iPhone.ActiveCfg = Release|Any CPU
		{5F96EECB-4475-46B6-A829-B510A406129E}.Ad-Hoc|iPhone.Build.0 = Release|Any CPU
		{5F96EECB-4475-46B6-A829-B510A406129E}.Ad-Hoc|iPhone.Deploy.0 = Release|Any CPU
		{5F96EECB-4475-46B6-A829-B510A406129E}.Ad-Hoc|iPhoneSimulator.ActiveCfg = Release|Any CPU
		{5F96EECB-4475-46B6-A829-B510A406129E}.Ad-Hoc|iPhoneSimulator.Build.0 = Release|Any CPU
		{5F96EECB-4475-46B6-A829-B510A406129E}.Ad-Hoc|iPhoneSimulator.Deploy.0 = Release|Any CPU
		{5F96EECB-4475-46B6-A829-B510A406129E}.AppStore|Any CPU.ActiveCfg = Release|Any CPU
		{5F96EECB-4475-46B6-A829-B510A406129E}.AppStore|Any CPU.Build.0 = Release|Any CPU
		{5F96EECB-4475-46B6-A829-B510A406129E}.AppStore|Any CPU.Deploy.0 = Release|Any CPU
		{5F96EECB-4475-46B6-A829-B510A406129E}.AppStore|iPhone.ActiveCfg = Release|Any CPU
		{5F96EECB-4475-46B6-A829-B510A406129E}.AppStore|iPhone.Build.0 = Release|Any CPU
		{5F96EECB-4475-46B6-A829-B510A406129E}.AppStore|iPhone.Deploy.0 = Release|Any CPU
		{5F96EECB-4475-46B6-A829-B510A406129E}.AppStore|iPhoneSimulator.ActiveCfg = Release|Any CPU
		{5F96EECB-4475-46B6-A829-B510A406129E}.AppStore|iPhoneSimulator.Build.0 = Release|Any CPU
		{5F96EECB-4475-46B6-A829-B510A406129E}.AppStore|iPhoneSimulator.Deploy.0 = Release|Any CPU
		{5F96EECB-4475-46B6-A829-B510A406129E}.Debug|Any CPU.ActiveCfg = Debug|Any CPU
		{5F96EECB-4475-46B6-A829-B510A406129E}.Debug|Any CPU.Build.0 = Debug|Any CPU
		{5F96EECB-4475-46B6-A829-B510A406129E}.Debug|Any CPU.Deploy.0 = Debug|Any CPU
		{5F96EECB-4475-46B6-A829-B510A406129E}.Debug|iPhone.ActiveCfg = Debug|Any CPU
		{5F96EECB-4475-46B6-A829-B510A406129E}.Debug|iPhone.Build.0 = Debug|Any CPU
		{5F96EECB-4475-46B6-A829-B510A406129E}.Debug|iPhone.Deploy.0 = Debug|Any CPU
		{5F96EECB-4475-46B6-A829-B510A406129E}.Debug|iPhoneSimulator.ActiveCfg = Debug|Any CPU
		{5F96EECB-4475-46B6-A829-B510A406129E}.Debug|iPhoneSimulator.Build.0 = Debug|Any CPU
		{5F96EECB-4475-46B6-A829-B510A406129E}.Debug|iPhoneSimulator.Deploy.0 = Debug|Any CPU
		{5F96EECB-4475-46B6-A829-B510A406129E}.Release|Any CPU.ActiveCfg = Release|Any CPU
		{5F96EECB-4475-46B6-A829-B510A406129E}.Release|Any CPU.Build.0 = Release|Any CPU
		{5F96EECB-4475-46B6-A829-B510A406129E}.Release|Any CPU.Deploy.0 = Release|Any CPU
		{5F96EECB-4475-46B6-A829-B510A406129E}.Release|iPhone.ActiveCfg = Release|Any CPU
		{5F96EECB-4475-46B6-A829-B510A406129E}.Release|iPhone.Build.0 = Release|Any CPU
		{5F96EECB-4475-46B6-A829-B510A406129E}.Release|iPhone.Deploy.0 = Release|Any CPU
		{5F96EECB-4475-46B6-A829-B510A406129E}.Release|iPhoneSimulator.ActiveCfg = Release|Any CPU
		{5F96EECB-4475-46B6-A829-B510A406129E}.Release|iPhoneSimulator.Build.0 = Release|Any CPU
		{5F96EECB-4475-46B6-A829-B510A406129E}.Release|iPhoneSimulator.Deploy.0 = Release|Any CPU
		{EB6AF619-BE74-45C0-8201-733EE0CC7314}.Ad-Hoc|Any CPU.ActiveCfg = Release|Any CPU
		{EB6AF619-BE74-45C0-8201-733EE0CC7314}.Ad-Hoc|Any CPU.Build.0 = Release|Any CPU
		{EB6AF619-BE74-45C0-8201-733EE0CC7314}.Ad-Hoc|iPhone.ActiveCfg = Release|Any CPU
		{EB6AF619-BE74-45C0-8201-733EE0CC7314}.Ad-Hoc|iPhone.Build.0 = Release|Any CPU
		{EB6AF619-BE74-45C0-8201-733EE0CC7314}.Ad-Hoc|iPhoneSimulator.ActiveCfg = Release|Any CPU
		{EB6AF619-BE74-45C0-8201-733EE0CC7314}.Ad-Hoc|iPhoneSimulator.Build.0 = Release|Any CPU
		{EB6AF619-BE74-45C0-8201-733EE0CC7314}.AppStore|Any CPU.ActiveCfg = Release|Any CPU
		{EB6AF619-BE74-45C0-8201-733EE0CC7314}.AppStore|Any CPU.Build.0 = Release|Any CPU
		{EB6AF619-BE74-45C0-8201-733EE0CC7314}.AppStore|iPhone.ActiveCfg = Release|Any CPU
		{EB6AF619-BE74-45C0-8201-733EE0CC7314}.AppStore|iPhone.Build.0 = Release|Any CPU
		{EB6AF619-BE74-45C0-8201-733EE0CC7314}.AppStore|iPhoneSimulator.ActiveCfg = Release|Any CPU
		{EB6AF619-BE74-45C0-8201-733EE0CC7314}.AppStore|iPhoneSimulator.Build.0 = Release|Any CPU
		{EB6AF619-BE74-45C0-8201-733EE0CC7314}.Debug|Any CPU.ActiveCfg = Debug|Any CPU
		{EB6AF619-BE74-45C0-8201-733EE0CC7314}.Debug|Any CPU.Build.0 = Debug|Any CPU
		{EB6AF619-BE74-45C0-8201-733EE0CC7314}.Debug|iPhone.ActiveCfg = Debug|Any CPU
		{EB6AF619-BE74-45C0-8201-733EE0CC7314}.Debug|iPhone.Build.0 = Debug|Any CPU
		{EB6AF619-BE74-45C0-8201-733EE0CC7314}.Debug|iPhoneSimulator.ActiveCfg = Debug|Any CPU
		{EB6AF619-BE74-45C0-8201-733EE0CC7314}.Debug|iPhoneSimulator.Build.0 = Debug|Any CPU
		{EB6AF619-BE74-45C0-8201-733EE0CC7314}.Release|Any CPU.ActiveCfg = Release|Any CPU
		{EB6AF619-BE74-45C0-8201-733EE0CC7314}.Release|Any CPU.Build.0 = Release|Any CPU
		{EB6AF619-BE74-45C0-8201-733EE0CC7314}.Release|iPhone.ActiveCfg = Release|Any CPU
		{EB6AF619-BE74-45C0-8201-733EE0CC7314}.Release|iPhone.Build.0 = Release|Any CPU
		{EB6AF619-BE74-45C0-8201-733EE0CC7314}.Release|iPhoneSimulator.ActiveCfg = Release|Any CPU
		{EB6AF619-BE74-45C0-8201-733EE0CC7314}.Release|iPhoneSimulator.Build.0 = Release|Any CPU
		{E8063BD4-B94F-47B2-80FE-6D52E0F215B5}.Ad-Hoc|Any CPU.ActiveCfg = Ad-Hoc|iPhone
		{E8063BD4-B94F-47B2-80FE-6D52E0F215B5}.Ad-Hoc|iPhone.ActiveCfg = Ad-Hoc|iPhone
		{E8063BD4-B94F-47B2-80FE-6D52E0F215B5}.Ad-Hoc|iPhone.Build.0 = Ad-Hoc|iPhone
		{E8063BD4-B94F-47B2-80FE-6D52E0F215B5}.Ad-Hoc|iPhoneSimulator.ActiveCfg = Ad-Hoc|iPhoneSimulator
		{E8063BD4-B94F-47B2-80FE-6D52E0F215B5}.Ad-Hoc|iPhoneSimulator.Build.0 = Ad-Hoc|iPhoneSimulator
		{E8063BD4-B94F-47B2-80FE-6D52E0F215B5}.AppStore|Any CPU.ActiveCfg = AppStore|iPhone
		{E8063BD4-B94F-47B2-80FE-6D52E0F215B5}.AppStore|iPhone.ActiveCfg = AppStore|iPhone
		{E8063BD4-B94F-47B2-80FE-6D52E0F215B5}.AppStore|iPhone.Build.0 = AppStore|iPhone
		{E8063BD4-B94F-47B2-80FE-6D52E0F215B5}.AppStore|iPhoneSimulator.ActiveCfg = AppStore|iPhoneSimulator
		{E8063BD4-B94F-47B2-80FE-6D52E0F215B5}.AppStore|iPhoneSimulator.Build.0 = AppStore|iPhoneSimulator
		{E8063BD4-B94F-47B2-80FE-6D52E0F215B5}.Debug|Any CPU.ActiveCfg = Debug|iPhone
		{E8063BD4-B94F-47B2-80FE-6D52E0F215B5}.Debug|iPhone.ActiveCfg = Debug|iPhone
		{E8063BD4-B94F-47B2-80FE-6D52E0F215B5}.Debug|iPhone.Build.0 = Debug|iPhone
		{E8063BD4-B94F-47B2-80FE-6D52E0F215B5}.Debug|iPhoneSimulator.ActiveCfg = Debug|iPhoneSimulator
		{E8063BD4-B94F-47B2-80FE-6D52E0F215B5}.Debug|iPhoneSimulator.Build.0 = Debug|iPhoneSimulator
		{E8063BD4-B94F-47B2-80FE-6D52E0F215B5}.Release|Any CPU.ActiveCfg = Release|iPhone
		{E8063BD4-B94F-47B2-80FE-6D52E0F215B5}.Release|iPhone.ActiveCfg = Release|iPhone
		{E8063BD4-B94F-47B2-80FE-6D52E0F215B5}.Release|iPhone.Build.0 = Release|iPhone
		{E8063BD4-B94F-47B2-80FE-6D52E0F215B5}.Release|iPhoneSimulator.ActiveCfg = Release|iPhoneSimulator
		{E8063BD4-B94F-47B2-80FE-6D52E0F215B5}.Release|iPhoneSimulator.Build.0 = Release|iPhoneSimulator
	EndGlobalSection
	GlobalSection(SolutionProperties) = preSolution
		HideSolutionNode = FALSE
	EndGlobalSection
EndGlobal
